
Microsoft Visual Studio Solution File, Format Version 12.00
# Visual Studio Version 16
VisualStudioVersion = 16.0.31424.327
MinimumVisualStudioVersion = 10.0.40219.1
Project("{FAE04EC0-301F-11D3-BF4B-00C04F79EFBC}") = "ASP0116", "ASP0116\ASP0116.csproj", "{DA0AF936-BAFF-411D-AE81-8EB2D3AD4F52}"
EndProject
Global
	GlobalSection(SolutionConfigurationPlatforms) = preSolution
		Debug|Any CPU = Debug|Any CPU
		Release|Any CPU = Release|Any CPU
	EndGlobalSection
	GlobalSection(ProjectConfigurationPlatforms) = postSolution
		{DA0AF936-BAFF-411D-AE81-8EB2D3AD4F52}.Debug|Any CPU.ActiveCfg = Debug|Any CPU
		{DA0AF936-BAFF-411D-AE81-8EB2D3AD4F52}.Debug|Any CPU.Build.0 = Debug|Any CPU
		{DA0AF936-BAFF-411D-AE81-8EB2D3AD4F52}.Release|Any CPU.ActiveCfg = Release|Any CPU
		{DA0AF936-BAFF-411D-AE81-8EB2D3AD4F52}.Release|Any CPU.Build.0 = Release|Any CPU
	EndGlobalSection
	GlobalSection(SolutionProperties) = preSolution
		HideSolutionNode = FALSE
	EndGlobalSection
	GlobalSection(ExtensibilityGlobals) = postSolution
		SolutionGuid = {1288BD75-819B-4043-A355-3F9F949FFD52}
	EndGlobalSection
EndGlobal
